{
  "name": "soanvanban-plugin-sdk-source-build",
  "version": "0.1.0",
  "lockfileVersion": 3,
  "requires": true,
  "packages": {
    "": {
      "name": "soanvanban-plugin-sdk-source-build",
      "version": "0.1.0",
      "license": "AGPL-3.0-only",
      "devDependencies": {
        "google-closure-compiler-js": "20200719.0.0"
      }
    },
    "node_modules/google-closure-compiler-js": {
      "version": "20200719.0.0",
      "resolved": "https://registry.npmjs.org/google-closure-compiler-js/-/google-closure-compiler-js-20200719.0.0.tgz",
      "integrity": "sha512-cuowL5A4VOx9yxxMc3sSiqcj/d9aYjnHgFDvDB/dpMMOhlUMN1MDsVubuEc32tut7k/FTYFZY114CLH4r2q9/A==",
      "deprecated": "Package no longer supported. Contact Support at https://www.npmjs.com/support for more info.",
      "license": "Apache-2.0",
      "dev": true
    }
  }
}
